dependencies:
- name: minio-instance
  repository: oci://registry1.dso.mil/bigbang
  version: 7.0.0-bb.1
- name: common
  repository: oci://registry-1.docker.io/bitnamicharts
  version: 2.31.3
- name: gluon
  repository: oci://registry1.dso.mil/bigbang
  version: 0.6.3
digest: sha256:05d3b1194527bdb7755b98df37bf5b31ff9e47487f849d33278fcf4ec87d670e
generated: "2025-07-03T10:44:27.288907-04:00"
