dependencies:
- name: minio-instance
  repository: oci://registry1.dso.mil/bigbang
  version: 4.5.4-bb.2
- name: common
  repository: oci://registry-1.docker.io/bitnamicharts
  version: 2.8.0
- name: gluon
  repository: oci://registry1.dso.mil/bigbang
  version: 0.3.2
digest: sha256:82fe288c42f27a6ef0a527762094efb035f84d3adf49bab613f425ccfabe4393
generated: "2023-08-21T11:57:08.27222142-06:00"
