dependencies:
- name: minio-instance
  repository: oci://registry1.dso.mil/bigbang
  version: 5.0.15-bb.2
- name: common
  repository: oci://registry-1.docker.io/bitnamicharts
  version: 2.20.0
- name: gluon
  repository: oci://registry1.dso.mil/bigbang
  version: 0.5.0
digest: sha256:453eb894e751b547a77451abed763ed97d2606025553bde92304115bc9bc5015
generated: "2024-06-07T16:17:47.834064-06:00"
